
Microsoft Visual Studio Solution File, Format Version 12.00
# Visual Studio Version 17
VisualStudioVersion = 17.10.35013.160
MinimumVisualStudioVersion = 10.0.40219.1
Project("{9A19103F-16F7-4668-BE54-9A1E7A4F7556}") = "DiGi.Analytical", "DiGi.Analytical\DiGi.Analytical.csproj", "{03787052-4B57-4591-8950-00BB90E3F45F}"
EndProject
Project("{FAE04EC0-301F-11D3-BF4B-00C04F79EFBC}") = "DiGi.Analytical.Building", "DiGi.Analytical.Building\DiGi.Analytical.Building.csproj", "{C11E8EEB-D5BB-4719-BEE5-3AB57A1BD5A7}"
EndProject
Global
	GlobalSection(SolutionConfigurationPlatforms) = preSolution
		Debug|Any CPU = Debug|Any CPU
		Release|Any CPU = Release|Any CPU
	EndGlobalSection
	GlobalSection(ProjectConfigurationPlatforms) = postSolution
		{03787052-4B57-4591-8950-00BB90E3F45F}.Debug|Any CPU.ActiveCfg = Debug|Any CPU
		{03787052-4B57-4591-8950-00BB90E3F45F}.Debug|Any CPU.Build.0 = Debug|Any CPU
		{03787052-4B57-4591-8950-00BB90E3F45F}.Release|Any CPU.ActiveCfg = Release|Any CPU
		{03787052-4B57-4591-8950-00BB90E3F45F}.Release|Any CPU.Build.0 = Release|Any CPU
		{C11E8EEB-D5BB-4719-BEE5-3AB57A1BD5A7}.Debug|Any CPU.ActiveCfg = Debug|Any CPU
		{C11E8EEB-D5BB-4719-BEE5-3AB57A1BD5A7}.Debug|Any CPU.Build.0 = Debug|Any CPU
		{C11E8EEB-D5BB-4719-BEE5-3AB57A1BD5A7}.Release|Any CPU.ActiveCfg = Release|Any CPU
		{C11E8EEB-D5BB-4719-BEE5-3AB57A1BD5A7}.Release|Any CPU.Build.0 = Release|Any CPU
	EndGlobalSection
	GlobalSection(SolutionProperties) = preSolution
		HideSolutionNode = FALSE
	EndGlobalSection
	GlobalSection(ExtensibilityGlobals) = postSolution
		SolutionGuid = {8BEAEEE1-F865-4544-8428-9DDB995F3852}
	EndGlobalSection
EndGlobal
